
Microsoft Visual Studio Solution File, Format Version 12.00
# Visual Studio 15
VisualStudioVersion = 15.0.28010.2036
MinimumVisualStudioVersion = 10.0.40219.1
Project("{9A19103F-16F7-4668-BE54-9A1E7A4F7556}") = "WebAPI-Server", "WebAPI-Server\WebAPI-Server.csproj", "{9918512B-4680-49F8-B093-A1EB3E6392E1}"
	ProjectSection(ProjectDependencies) = postProject
		{3EA9F20D-3B10-407C-91AC-17A1725A82C5} = {3EA9F20D-3B10-407C-91AC-17A1725A82C5}
		{8182801A-CE5D-4C27-A7A5-DBAC6916AEC5} = {8182801A-CE5D-4C27-A7A5-DBAC6916AEC5}
		{CD80E955-E803-46EC-9EE3-493E62D5E825} = {CD80E955-E803-46EC-9EE3-493E62D5E825}
		{885FB472-778C-40DD-A500-905EEFD64753} = {885FB472-778C-40DD-A500-905EEFD64753}
		{7467F7B1-7078-4B4B-B50A-891E32F78594} = {7467F7B1-7078-4B4B-B50A-891E32F78594}
		{EE137FF3-38CD-4842-96B3-41F1BEEFFFB8} = {EE137FF3-38CD-4842-96B3-41F1BEEFFFB8}
	EndProjectSection
EndProject
Project("{9A19103F-16F7-4668-BE54-9A1E7A4F7556}") = "WebAPI-DataAccess", "WebAPI-DataAccess\WebAPI-DataAccess.csproj", "{B4EC6474-8728-4970-BD0E-D3DF79300081}"
	ProjectSection(ProjectDependencies) = postProject
		{885FB472-778C-40DD-A500-905EEFD64753} = {885FB472-778C-40DD-A500-905EEFD64753}
	EndProjectSection
EndProject
Project("{9A19103F-16F7-4668-BE54-9A1E7A4F7556}") = "WebAPI-Model", "WebAPI-Model\WebAPI-Model.csproj", "{CD80E955-E803-46EC-9EE3-493E62D5E825}"
	ProjectSection(ProjectDependencies) = postProject
		{885FB472-778C-40DD-A500-905EEFD64753} = {885FB472-778C-40DD-A500-905EEFD64753}
	EndProjectSection
EndProject
Project("{9A19103F-16F7-4668-BE54-9A1E7A4F7556}") = "WebAPI-BAL", "WebAPI-BAL\WebAPI-BAL.csproj", "{8182801A-CE5D-4C27-A7A5-DBAC6916AEC5}"
EndProject
Project("{9A19103F-16F7-4668-BE54-9A1E7A4F7556}") = "WebAPI-ViewModel", "WebAPI-ViewModel\WebAPI-ViewModel.csproj", "{EE137FF3-38CD-4842-96B3-41F1BEEFFFB8}"
	ProjectSection(ProjectDependencies) = postProject
		{885FB472-778C-40DD-A500-905EEFD64753} = {885FB472-778C-40DD-A500-905EEFD64753}
		{7467F7B1-7078-4B4B-B50A-891E32F78594} = {7467F7B1-7078-4B4B-B50A-891E32F78594}
	EndProjectSection
EndProject
Project("{9A19103F-16F7-4668-BE54-9A1E7A4F7556}") = "Encryptor", "Encryptor\Encryptor.csproj", "{7467F7B1-7078-4B4B-B50A-891E32F78594}"
EndProject
Project("{9A19103F-16F7-4668-BE54-9A1E7A4F7556}") = "Common", "Common\Common.csproj", "{885FB472-778C-40DD-A500-905EEFD64753}"
EndProject
Project("{9A19103F-16F7-4668-BE54-9A1E7A4F7556}") = "ElmahCore", "ElmahCore\ElmahCore.csproj", "{D8F5631D-2CDC-458C-B2D5-7F42E95C5E85}"
EndProject
Project("{9A19103F-16F7-4668-BE54-9A1E7A4F7556}") = "ElmahCore.Sql", "ElmahCore.MsSql\ElmahCore.Sql.csproj", "{B32DC48E-7D48-4792-B692-82003257D90D}"
EndProject
Project("{9A19103F-16F7-4668-BE54-9A1E7A4F7556}") = "ElmahCore.Mvc", "ElmahCore.Mvc\ElmahCore.Mvc.csproj", "{E7E1E107-A8B9-4611-9AEB-82B69CD111B6}"
EndProject
Project("{2150E333-8FDC-42A3-9474-1A3956D46DE8}") = "Elmah", "Elmah", "{822FC24F-0B63-4FC6-94CF-B5B7CA0DC93F}"
EndProject
Project("{9A19103F-16F7-4668-BE54-9A1E7A4F7556}") = "Dapper.Identity", "Dapper.Identity\Dapper.Identity.csproj", "{0C85309A-410A-4DA7-8B1C-3D8615BA49A1}"
EndProject
Project("{2150E333-8FDC-42A3-9474-1A3956D46DE8}") = "Dapper", "Dapper", "{CE0995BB-795B-4A66-A2B3-74E72C5240F4}"
EndProject
Project("{9A19103F-16F7-4668-BE54-9A1E7A4F7556}") = "Dapper.Repositories", "Dapper.Repositories\Dapper.Repositories.csproj", "{B75FC76E-E76F-4440-BFDD-118BD7937BBD}"
EndProject
Project("{9A19103F-16F7-4668-BE54-9A1E7A4F7556}") = "WebAPI-Service", "WebAPI-Service\WebAPI-Service.csproj", "{3EA9F20D-3B10-407C-91AC-17A1725A82C5}"
EndProject
Project("{9A19103F-16F7-4668-BE54-9A1E7A4F7556}") = "WebAPI-Test", "WebAPI-Test\WebAPI-Test.csproj", "{5A19E2B6-110F-4C13-82D3-CFCF94175DA2}"
EndProject
Global
	GlobalSection(SolutionConfigurationPlatforms) = preSolution
		Debug|Any CPU = Debug|Any CPU
		Release|Any CPU = Release|Any CPU
	EndGlobalSection
	GlobalSection(ProjectConfigurationPlatforms) = postSolution
		{9918512B-4680-49F8-B093-A1EB3E6392E1}.Debug|Any CPU.ActiveCfg = Debug|Any CPU
		{9918512B-4680-49F8-B093-A1EB3E6392E1}.Debug|Any CPU.Build.0 = Debug|Any CPU
		{9918512B-4680-49F8-B093-A1EB3E6392E1}.Release|Any CPU.ActiveCfg = Release|Any CPU
		{9918512B-4680-49F8-B093-A1EB3E6392E1}.Release|Any CPU.Build.0 = Release|Any CPU
		{B4EC6474-8728-4970-BD0E-D3DF79300081}.Debug|Any CPU.ActiveCfg = Debug|Any CPU
		{B4EC6474-8728-4970-BD0E-D3DF79300081}.Debug|Any CPU.Build.0 = Debug|Any CPU
		{B4EC6474-8728-4970-BD0E-D3DF79300081}.Release|Any CPU.ActiveCfg = Release|Any CPU
		{B4EC6474-8728-4970-BD0E-D3DF79300081}.Release|Any CPU.Build.0 = Release|Any CPU
		{CD80E955-E803-46EC-9EE3-493E62D5E825}.Debug|Any CPU.ActiveCfg = Debug|Any CPU
		{CD80E955-E803-46EC-9EE3-493E62D5E825}.Debug|Any CPU.Build.0 = Debug|Any CPU
		{CD80E955-E803-46EC-9EE3-493E62D5E825}.Release|Any CPU.ActiveCfg = Release|Any CPU
		{CD80E955-E803-46EC-9EE3-493E62D5E825}.Release|Any CPU.Build.0 = Release|Any CPU
		{8182801A-CE5D-4C27-A7A5-DBAC6916AEC5}.Debug|Any CPU.ActiveCfg = Debug|Any CPU
		{8182801A-CE5D-4C27-A7A5-DBAC6916AEC5}.Debug|Any CPU.Build.0 = Debug|Any CPU
		{8182801A-CE5D-4C27-A7A5-DBAC6916AEC5}.Release|Any CPU.ActiveCfg = Release|Any CPU
		{8182801A-CE5D-4C27-A7A5-DBAC6916AEC5}.Release|Any CPU.Build.0 = Release|Any CPU
		{EE137FF3-38CD-4842-96B3-41F1BEEFFFB8}.Debug|Any CPU.ActiveCfg = Debug|Any CPU
		{EE137FF3-38CD-4842-96B3-41F1BEEFFFB8}.Debug|Any CPU.Build.0 = Debug|Any CPU
		{EE137FF3-38CD-4842-96B3-41F1BEEFFFB8}.Release|Any CPU.ActiveCfg = Release|Any CPU
		{EE137FF3-38CD-4842-96B3-41F1BEEFFFB8}.Release|Any CPU.Build.0 = Release|Any CPU
		{7467F7B1-7078-4B4B-B50A-891E32F78594}.Debug|Any CPU.ActiveCfg = Debug|Any CPU
		{7467F7B1-7078-4B4B-B50A-891E32F78594}.Debug|Any CPU.Build.0 = Debug|Any CPU
		{7467F7B1-7078-4B4B-B50A-891E32F78594}.Release|Any CPU.ActiveCfg = Release|Any CPU
		{7467F7B1-7078-4B4B-B50A-891E32F78594}.Release|Any CPU.Build.0 = Release|Any CPU
		{885FB472-778C-40DD-A500-905EEFD64753}.Debug|Any CPU.ActiveCfg = Debug|Any CPU
		{885FB472-778C-40DD-A500-905EEFD64753}.Debug|Any CPU.Build.0 = Debug|Any CPU
		{885FB472-778C-40DD-A500-905EEFD64753}.Release|Any CPU.ActiveCfg = Release|Any CPU
		{885FB472-778C-40DD-A500-905EEFD64753}.Release|Any CPU.Build.0 = Release|Any CPU
		{D8F5631D-2CDC-458C-B2D5-7F42E95C5E85}.Debug|Any CPU.ActiveCfg = Debug|Any CPU
		{D8F5631D-2CDC-458C-B2D5-7F42E95C5E85}.Debug|Any CPU.Build.0 = Debug|Any CPU
		{D8F5631D-2CDC-458C-B2D5-7F42E95C5E85}.Release|Any CPU.ActiveCfg = Release|Any CPU
		{D8F5631D-2CDC-458C-B2D5-7F42E95C5E85}.Release|Any CPU.Build.0 = Release|Any CPU
		{B32DC48E-7D48-4792-B692-82003257D90D}.Debug|Any CPU.ActiveCfg = Debug|Any CPU
		{B32DC48E-7D48-4792-B692-82003257D90D}.Debug|Any CPU.Build.0 = Debug|Any CPU
		{B32DC48E-7D48-4792-B692-82003257D90D}.Release|Any CPU.ActiveCfg = Release|Any CPU
		{B32DC48E-7D48-4792-B692-82003257D90D}.Release|Any CPU.Build.0 = Release|Any CPU
		{E7E1E107-A8B9-4611-9AEB-82B69CD111B6}.Debug|Any CPU.ActiveCfg = Debug|Any CPU
		{E7E1E107-A8B9-4611-9AEB-82B69CD111B6}.Debug|Any CPU.Build.0 = Debug|Any CPU
		{E7E1E107-A8B9-4611-9AEB-82B69CD111B6}.Release|Any CPU.ActiveCfg = Release|Any CPU
		{E7E1E107-A8B9-4611-9AEB-82B69CD111B6}.Release|Any CPU.Build.0 = Release|Any CPU
		{0C85309A-410A-4DA7-8B1C-3D8615BA49A1}.Debug|Any CPU.ActiveCfg = Debug|Any CPU
		{0C85309A-410A-4DA7-8B1C-3D8615BA49A1}.Debug|Any CPU.Build.0 = Debug|Any CPU
		{0C85309A-410A-4DA7-8B1C-3D8615BA49A1}.Release|Any CPU.ActiveCfg = Release|Any CPU
		{0C85309A-410A-4DA7-8B1C-3D8615BA49A1}.Release|Any CPU.Build.0 = Release|Any CPU
		{B75FC76E-E76F-4440-BFDD-118BD7937BBD}.Debug|Any CPU.ActiveCfg = Debug|Any CPU
		{B75FC76E-E76F-4440-BFDD-118BD7937BBD}.Debug|Any CPU.Build.0 = Debug|Any CPU
		{B75FC76E-E76F-4440-BFDD-118BD7937BBD}.Release|Any CPU.ActiveCfg = Release|Any CPU
		{B75FC76E-E76F-4440-BFDD-118BD7937BBD}.Release|Any CPU.Build.0 = Release|Any CPU
		{3EA9F20D-3B10-407C-91AC-17A1725A82C5}.Debug|Any CPU.ActiveCfg = Debug|Any CPU
		{3EA9F20D-3B10-407C-91AC-17A1725A82C5}.Debug|Any CPU.Build.0 = Debug|Any CPU
		{3EA9F20D-3B10-407C-91AC-17A1725A82C5}.Release|Any CPU.ActiveCfg = Release|Any CPU
		{3EA9F20D-3B10-407C-91AC-17A1725A82C5}.Release|Any CPU.Build.0 = Release|Any CPU
		{5A19E2B6-110F-4C13-82D3-CFCF94175DA2}.Debug|Any CPU.ActiveCfg = Debug|Any CPU
		{5A19E2B6-110F-4C13-82D3-CFCF94175DA2}.Debug|Any CPU.Build.0 = Debug|Any CPU
		{5A19E2B6-110F-4C13-82D3-CFCF94175DA2}.Release|Any CPU.ActiveCfg = Release|Any CPU
		{5A19E2B6-110F-4C13-82D3-CFCF94175DA2}.Release|Any CPU.Build.0 = Release|Any CPU
	EndGlobalSection
	GlobalSection(SolutionProperties) = preSolution
		HideSolutionNode = FALSE
	EndGlobalSection
	GlobalSection(NestedProjects) = preSolution
		{D8F5631D-2CDC-458C-B2D5-7F42E95C5E85} = {822FC24F-0B63-4FC6-94CF-B5B7CA0DC93F}
		{B32DC48E-7D48-4792-B692-82003257D90D} = {822FC24F-0B63-4FC6-94CF-B5B7CA0DC93F}
		{E7E1E107-A8B9-4611-9AEB-82B69CD111B6} = {822FC24F-0B63-4FC6-94CF-B5B7CA0DC93F}
		{0C85309A-410A-4DA7-8B1C-3D8615BA49A1} = {CE0995BB-795B-4A66-A2B3-74E72C5240F4}
		{B75FC76E-E76F-4440-BFDD-118BD7937BBD} = {CE0995BB-795B-4A66-A2B3-74E72C5240F4}
	EndGlobalSection
	GlobalSection(ExtensibilityGlobals) = postSolution
		SolutionGuid = {66E04205-5755-481E-B7C8-C742CA89A620}
	EndGlobalSection
EndGlobal
